
Microsoft Visual Studio Solution File, Format Version 12.00
# Visual Studio Version 16
VisualStudioVersion = 16.0.28803.202
MinimumVisualStudioVersion = 10.0.40219.1
Project("{FAE04EC0-301F-11D3-BF4B-00C04F79EFBC}") = "CSharp001", "CSharp001\CSharp001.csproj", "{EFD16CFF-199A-4C10-B63F-C95D97F4FF2B}"
EndProject
Global
	GlobalSection(SolutionConfigurationPlatforms) = preSolution
		Debug|Any CPU = Debug|Any CPU
		Release|Any CPU = Release|Any CPU
	EndGlobalSection
	GlobalSection(ProjectConfigurationPlatforms) = postSolution
		{EFD16CFF-199A-4C10-B63F-C95D97F4FF2B}.Debug|Any CPU.ActiveCfg = Debug|Any CPU
		{EFD16CFF-199A-4C10-B63F-C95D97F4FF2B}.Debug|Any CPU.Build.0 = Debug|Any CPU
		{EFD16CFF-199A-4C10-B63F-C95D97F4FF2B}.Release|Any CPU.ActiveCfg = Release|Any CPU
		{EFD16CFF-199A-4C10-B63F-C95D97F4FF2B}.Release|Any CPU.Build.0 = Release|Any CPU
	EndGlobalSection
	GlobalSection(SolutionProperties) = preSolution
		HideSolutionNode = FALSE
	EndGlobalSection
	GlobalSection(ExtensibilityGlobals) = postSolution
		SolutionGuid = {784C63DC-A741-4656-A1B7-297FCE674BA3}
	EndGlobalSection
EndGlobal
