
Microsoft Visual Studio Solution File, Format Version 12.00
# Visual Studio Version 16
VisualStudioVersion = 16.0.28803.202
MinimumVisualStudioVersion = 10.0.40219.1
Project("{FAE04EC0-301F-11D3-BF4B-00C04F79EFBC}") = "CSharp_delegateEX", "CSharp_delegateEX\CSharp_delegateEX.csproj", "{2633062D-7E18-40DD-AC4B-CA6DE2FEE886}"
EndProject
Project("{FAE04EC0-301F-11D3-BF4B-00C04F79EFBC}") = "CSharp_anonymous method", "CSharp_anonymous method\CSharp_anonymous method.csproj", "{86520C81-80AB-451D-8012-ADF88FA411CD}"
EndProject
Project("{FAE04EC0-301F-11D3-BF4B-00C04F79EFBC}") = "CSharp_lambda", "CSharp_lambda\CSharp_lambda.csproj", "{67EB16D5-086F-4615-90DD-B2A7F91E77C0}"
EndProject
Project("{FAE04EC0-301F-11D3-BF4B-00C04F79EFBC}") = "CSharp_anonymous type", "CSharp_anonymous type\CSharp_anonymous type.csproj", "{02B403BD-1020-40F6-B536-5A3AD909190B}"
EndProject
Project("{FAE04EC0-301F-11D3-BF4B-00C04F79EFBC}") = "CSharp_extension method", "CSharp_extension method\CSharp_extension method.csproj", "{481BFB58-F804-445E-94B7-DAA4D762F21F}"
EndProject
Global
	GlobalSection(SolutionConfigurationPlatforms) = preSolution
		Debug|Any CPU = Debug|Any CPU
		Release|Any CPU = Release|Any CPU
	EndGlobalSection
	GlobalSection(ProjectConfigurationPlatforms) = postSolution
		{2633062D-7E18-40DD-AC4B-CA6DE2FEE886}.Debug|Any CPU.ActiveCfg = Debug|Any CPU
		{2633062D-7E18-40DD-AC4B-CA6DE2FEE886}.Debug|Any CPU.Build.0 = Debug|Any CPU
		{2633062D-7E18-40DD-AC4B-CA6DE2FEE886}.Release|Any CPU.ActiveCfg = Release|Any CPU
		{2633062D-7E18-40DD-AC4B-CA6DE2FEE886}.Release|Any CPU.Build.0 = Release|Any CPU
		{86520C81-80AB-451D-8012-ADF88FA411CD}.Debug|Any CPU.ActiveCfg = Debug|Any CPU
		{86520C81-80AB-451D-8012-ADF88FA411CD}.Debug|Any CPU.Build.0 = Debug|Any CPU
		{86520C81-80AB-451D-8012-ADF88FA411CD}.Release|Any CPU.ActiveCfg = Release|Any CPU
		{86520C81-80AB-451D-8012-ADF88FA411CD}.Release|Any CPU.Build.0 = Release|Any CPU
		{67EB16D5-086F-4615-90DD-B2A7F91E77C0}.Debug|Any CPU.ActiveCfg = Debug|Any CPU
		{67EB16D5-086F-4615-90DD-B2A7F91E77C0}.Debug|Any CPU.Build.0 = Debug|Any CPU
		{67EB16D5-086F-4615-90DD-B2A7F91E77C0}.Release|Any CPU.ActiveCfg = Release|Any CPU
		{67EB16D5-086F-4615-90DD-B2A7F91E77C0}.Release|Any CPU.Build.0 = Release|Any CPU
		{02B403BD-1020-40F6-B536-5A3AD909190B}.Debug|Any CPU.ActiveCfg = Debug|Any CPU
		{02B403BD-1020-40F6-B536-5A3AD909190B}.Debug|Any CPU.Build.0 = Debug|Any CPU
		{02B403BD-1020-40F6-B536-5A3AD909190B}.Release|Any CPU.ActiveCfg = Release|Any CPU
		{02B403BD-1020-40F6-B536-5A3AD909190B}.Release|Any CPU.Build.0 = Release|Any CPU
		{481BFB58-F804-445E-94B7-DAA4D762F21F}.Debug|Any CPU.ActiveCfg = Debug|Any CPU
		{481BFB58-F804-445E-94B7-DAA4D762F21F}.Debug|Any CPU.Build.0 = Debug|Any CPU
		{481BFB58-F804-445E-94B7-DAA4D762F21F}.Release|Any CPU.ActiveCfg = Release|Any CPU
		{481BFB58-F804-445E-94B7-DAA4D762F21F}.Release|Any CPU.Build.0 = Release|Any CPU
	EndGlobalSection
	GlobalSection(SolutionProperties) = preSolution
		HideSolutionNode = FALSE
	EndGlobalSection
	GlobalSection(ExtensibilityGlobals) = postSolution
		SolutionGuid = {C01C909E-C824-4CC3-9E8F-995A439FC21B}
	EndGlobalSection
EndGlobal
